
Microsoft Visual Studio Solution File, Format Version 12.00
# Visual Studio 15
VisualStudioVersion = 15.0.28307.102
MinimumVisualStudioVersion = 10.0.40219.1
Project("{FAE04EC0-301F-11D3-BF4B-00C04F79EFBC}") = "EnvironmentsManager", "EnvironmentsManager\EnvironmentsManager.csproj", "{F615299F-13E6-4F91-BA1B-40491C825B13}"
EndProject
Global
	GlobalSection(SolutionConfigurationPlatforms) = preSolution
		Debug|Any CPU = Debug|Any CPU
		Release|Any CPU = Release|Any CPU
	EndGlobalSection
	GlobalSection(ProjectConfigurationPlatforms) = postSolution
		{F615299F-13E6-4F91-BA1B-40491C825B13}.Debug|Any CPU.ActiveCfg = Debug|Any CPU
		{F615299F-13E6-4F91-BA1B-40491C825B13}.Debug|Any CPU.Build.0 = Debug|Any CPU
		{F615299F-13E6-4F91-BA1B-40491C825B13}.Release|Any CPU.ActiveCfg = Release|Any CPU
		{F615299F-13E6-4F91-BA1B-40491C825B13}.Release|Any CPU.Build.0 = Release|Any CPU
	EndGlobalSection
	GlobalSection(SolutionProperties) = preSolution
		HideSolutionNode = FALSE
	EndGlobalSection
	GlobalSection(ExtensibilityGlobals) = postSolution
		SolutionGuid = {639D6377-D435-4CB0-BC13-BD470D822D1C}
	EndGlobalSection
EndGlobal
